
Microsoft Visual Studio Solution File, Format Version 12.00
# Visual Studio Version 16
VisualStudioVersion = 16.0.28803.452
MinimumVisualStudioVersion = 10.0.40219.1
Project("{FAE04EC0-301F-11D3-BF4B-00C04F79EFBC}") = "Shadowrun.TurnHandler", "Shadowrun.TurnHandler\Shadowrun.TurnHandler.csproj", "{279BD904-B72F-46C5-AD37-6ED9F6798CDE}"
EndProject
Global
	GlobalSection(SolutionConfigurationPlatforms) = preSolution
		Debug|Any CPU = Debug|Any CPU
		Release|Any CPU = Release|Any CPU
	EndGlobalSection
	GlobalSection(ProjectConfigurationPlatforms) = postSolution
		{279BD904-B72F-46C5-AD37-6ED9F6798CDE}.Debug|Any CPU.ActiveCfg = Debug|Any CPU
		{279BD904-B72F-46C5-AD37-6ED9F6798CDE}.Debug|Any CPU.Build.0 = Debug|Any CPU
		{279BD904-B72F-46C5-AD37-6ED9F6798CDE}.Release|Any CPU.ActiveCfg = Release|Any CPU
		{279BD904-B72F-46C5-AD37-6ED9F6798CDE}.Release|Any CPU.Build.0 = Release|Any CPU
	EndGlobalSection
	GlobalSection(SolutionProperties) = preSolution
		HideSolutionNode = FALSE
	EndGlobalSection
	GlobalSection(ExtensibilityGlobals) = postSolution
		SolutionGuid = {7F91E627-FA18-4FF1-8381-BB76ACFA8B33}
	EndGlobalSection
EndGlobal
